{
  "version": 4,
  "terraform_version": "1.0.9",
  "serial": 63,
  "lineage": "50911b75-7c65-7930-5bb5-63a86bab8ae3",
  "outputs": {
    "publicip-vm-leonardo-fs": {
      "value": "40.87.95.110",
      "type": "string"
    }
  },
  "resources": [
    {
      "mode": "data",
      "type": "azurerm_public_ip",
      "name": "data-ip-leonardo-fs",
      "provider": "provider[\"registry.terraform.io/hashicorp/azurerm\"]",
      "instances": [
        {
          "schema_version": 0,
          "attributes": {
            "allocation_method": "Static",
            "domain_name_label": "",
            "fqdn": "",
            "id": "/subscriptions/4f7dac5c-20b0-44e7-8f43-6fd8d3b1a152/resourceGroups/rg-leonardo-fs/providers/Microsoft.Network/publicIPAddresses/ip-leonardo-fs",
            "idle_timeout_in_minutes": 4,
            "ip_address": "40.87.95.110",
            "ip_tags": {},
            "ip_version": "IPv4",
            "location": "eastus",
            "name": "ip-leonardo-fs",
            "resource_group_name": "rg-leonardo-fs",
            "reverse_fqdn": "",
            "sku": "Basic",
            "tags": {
              "environment": "IP Público"
            },
            "timeouts": null,
            "zones": []
          },
          "sensitive_attributes": []
        }
      ]
    },
    {
      "mode": "managed",
      "type": "azurerm_network_interface",
      "name": "ni-leonardo-fs",
      "provider": "provider[\"registry.terraform.io/hashicorp/azurerm\"]",
      "instances": [
        {
          "schema_version": 0,
          "attributes": {
            "applied_dns_servers": [],
            "dns_servers": [],
            "enable_accelerated_networking": false,
            "enable_ip_forwarding": false,
            "id": "/subscriptions/4f7dac5c-20b0-44e7-8f43-6fd8d3b1a152/resourceGroups/rg-leonardo-fs/providers/Microsoft.Network/networkInterfaces/ni-leonardo-fs",
            "internal_dns_name_label": "",
            "internal_domain_name_suffix": "1yyssrjl4dzehobqu10d3a2uya.bx.internal.cloudapp.net",
            "ip_configuration": [
              {
                "gateway_load_balancer_frontend_ip_configuration_id": "",
                "name": "internal",
                "primary": true,
                "private_ip_address": "10.0.1.4",
                "private_ip_address_allocation": "Dynamic",
                "private_ip_address_version": "IPv4",
                "public_ip_address_id": "/subscriptions/4f7dac5c-20b0-44e7-8f43-6fd8d3b1a152/resourceGroups/rg-leonardo-fs/providers/Microsoft.Network/publicIPAddresses/ip-leonardo-fs",
                "subnet_id": "/subscriptions/4f7dac5c-20b0-44e7-8f43-6fd8d3b1a152/resourceGroups/rg-leonardo-fs/providers/Microsoft.Network/virtualNetworks/vn-leonardo-fs/subnets/sub-leonardo-fs"
              }
            ],
            "location": "eastus",
            "mac_address": "00-0D-3A-53-69-86",
            "name": "ni-leonardo-fs",
            "private_ip_address": "10.0.1.4",
            "private_ip_addresses": [
              "10.0.1.4"
            ],
            "resource_group_name": "rg-leonardo-fs",
            "tags": {
              "environment": "Interface de Rede"
            },
            "timeouts": null,
            "virtual_machine_id": "/subscriptions/4f7dac5c-20b0-44e7-8f43-6fd8d3b1a152/resourceGroups/rg-leonardo-fs/providers/Microsoft.Compute/virtualMachines/vm-leonardo-fs"
          },
          "sensitive_attributes": [],
          "private": "eyJlMmJmYjczMC1lY2FhLTExZTYtOGY4OC0zNDM2M2JjN2M0YzAiOnsiY3JlYXRlIjoxODAwMDAwMDAwMDAwLCJkZWxldGUiOjE4MDAwMDAwMDAwMDAsInJlYWQiOjMwMDAwMDAwMDAwMCwidXBkYXRlIjoxODAwMDAwMDAwMDAwfX0=",
          "dependencies": [
            "azurerm_public_ip.ip-leonardo-fs",
            "azurerm_resource_group.rg-leonardo-fs",
            "azurerm_subnet.sub-leonardo-fs",
            "azurerm_virtual_network.vn-leonardo-fs"
          ]
        }
      ]
    },
    {
      "mode": "managed",
      "type": "azurerm_network_interface_security_group_association",
      "name": "nisga-leonardo-fs",
      "provider": "provider[\"registry.terraform.io/hashicorp/azurerm\"]",
      "instances": [
        {
          "schema_version": 0,
          "attributes": {
            "id": "/subscriptions/4f7dac5c-20b0-44e7-8f43-6fd8d3b1a152/resourceGroups/rg-leonardo-fs/providers/Microsoft.Network/networkInterfaces/ni-leonardo-fs|/subscriptions/4f7dac5c-20b0-44e7-8f43-6fd8d3b1a152/resourceGroups/rg-leonardo-fs/providers/Microsoft.Network/networkSecurityGroups/nsg-leonardo-fs",
            "network_interface_id": "/subscriptions/4f7dac5c-20b0-44e7-8f43-6fd8d3b1a152/resourceGroups/rg-leonardo-fs/providers/Microsoft.Network/networkInterfaces/ni-leonardo-fs",
            "network_security_group_id": "/subscriptions/4f7dac5c-20b0-44e7-8f43-6fd8d3b1a152/resourceGroups/rg-leonardo-fs/providers/Microsoft.Network/networkSecurityGroups/nsg-leonardo-fs",
            "timeouts": null
          },
          "sensitive_attributes": [],
          "private": "eyJlMmJmYjczMC1lY2FhLTExZTYtOGY4OC0zNDM2M2JjN2M0YzAiOnsiY3JlYXRlIjoxODAwMDAwMDAwMDAwLCJkZWxldGUiOjE4MDAwMDAwMDAwMDAsInJlYWQiOjMwMDAwMDAwMDAwMCwidXBkYXRlIjoxODAwMDAwMDAwMDAwfX0=",
          "dependencies": [
            "azurerm_subnet.sub-leonardo-fs",
            "azurerm_virtual_network.vn-leonardo-fs",
            "azurerm_network_interface.ni-leonardo-fs",
            "azurerm_network_security_group.nsg-leonardo-fs",
            "azurerm_public_ip.ip-leonardo-fs",
            "azurerm_resource_group.rg-leonardo-fs"
          ]
        }
      ]
    },
    {
      "mode": "managed",
      "type": "azurerm_network_security_group",
      "name": "nsg-leonardo-fs",
      "provider": "provider[\"registry.terraform.io/hashicorp/azurerm\"]",
      "instances": [
        {
          "schema_version": 0,
          "attributes": {
            "id": "/subscriptions/4f7dac5c-20b0-44e7-8f43-6fd8d3b1a152/resourceGroups/rg-leonardo-fs/providers/Microsoft.Network/networkSecurityGroups/nsg-leonardo-fs",
            "location": "eastus",
            "name": "nsg-leonardo-fs",
            "resource_group_name": "rg-leonardo-fs",
            "security_rule": [
              {
                "access": "Allow",
                "description": "",
                "destination_address_prefix": "*",
                "destination_address_prefixes": [],
                "destination_application_security_group_ids": [],
                "destination_port_range": "22",
                "destination_port_ranges": [],
                "direction": "Inbound",
                "name": "SSH",
                "priority": 1002,
                "protocol": "Tcp",
                "source_address_prefix": "*",
                "source_address_prefixes": [],
                "source_application_security_group_ids": [],
                "source_port_range": "*",
                "source_port_ranges": []
              },
              {
                "access": "Allow",
                "description": "",
                "destination_address_prefix": "*",
                "destination_address_prefixes": [],
                "destination_application_security_group_ids": [],
                "destination_port_range": "3306",
                "destination_port_ranges": [],
                "direction": "Inbound",
                "name": "mysql",
                "priority": 1001,
                "protocol": "Tcp",
                "source_address_prefix": "*",
                "source_address_prefixes": [],
                "source_application_security_group_ids": [],
                "source_port_range": "*",
                "source_port_ranges": []
              }
            ],
            "tags": {
              "environment": "Network Sec. Group"
            },
            "timeouts": null
          },
          "sensitive_attributes": [],
          "private": "eyJlMmJmYjczMC1lY2FhLTExZTYtOGY4OC0zNDM2M2JjN2M0YzAiOnsiY3JlYXRlIjoxODAwMDAwMDAwMDAwLCJkZWxldGUiOjE4MDAwMDAwMDAwMDAsInJlYWQiOjMwMDAwMDAwMDAwMCwidXBkYXRlIjoxODAwMDAwMDAwMDAwfX0=",
          "dependencies": [
            "azurerm_resource_group.rg-leonardo-fs"
          ]
        }
      ]
    },
    {
      "mode": "managed",
      "type": "azurerm_public_ip",
      "name": "ip-leonardo-fs",
      "provider": "provider[\"registry.terraform.io/hashicorp/azurerm\"]",
      "instances": [
        {
          "schema_version": 0,
          "attributes": {
            "allocation_method": "Static",
            "availability_zone": "No-Zone",
            "domain_name_label": null,
            "fqdn": null,
            "id": "/subscriptions/4f7dac5c-20b0-44e7-8f43-6fd8d3b1a152/resourceGroups/rg-leonardo-fs/providers/Microsoft.Network/publicIPAddresses/ip-leonardo-fs",
            "idle_timeout_in_minutes": 4,
            "ip_address": "40.87.95.110",
            "ip_tags": {},
            "ip_version": "IPv4",
            "location": "eastus",
            "name": "ip-leonardo-fs",
            "public_ip_prefix_id": null,
            "resource_group_name": "rg-leonardo-fs",
            "reverse_fqdn": null,
            "sku": "Basic",
            "sku_tier": "Regional",
            "tags": {
              "environment": "IP Público"
            },
            "timeouts": null,
            "zones": []
          },
          "sensitive_attributes": [],
          "private": "eyJlMmJmYjczMC1lY2FhLTExZTYtOGY4OC0zNDM2M2JjN2M0YzAiOnsiY3JlYXRlIjoxODAwMDAwMDAwMDAwLCJkZWxldGUiOjE4MDAwMDAwMDAwMDAsInJlYWQiOjMwMDAwMDAwMDAwMCwidXBkYXRlIjoxODAwMDAwMDAwMDAwfX0=",
          "dependencies": [
            "azurerm_resource_group.rg-leonardo-fs"
          ]
        }
      ]
    },
    {
      "mode": "managed",
      "type": "azurerm_resource_group",
      "name": "rg-leonardo-fs",
      "provider": "provider[\"registry.terraform.io/hashicorp/azurerm\"]",
      "instances": [
        {
          "schema_version": 0,
          "attributes": {
            "id": "/subscriptions/4f7dac5c-20b0-44e7-8f43-6fd8d3b1a152/resourceGroups/rg-leonardo-fs",
            "location": "eastus",
            "name": "rg-leonardo-fs",
            "tags": {},
            "timeouts": null
          },
          "sensitive_attributes": [],
          "private": "eyJlMmJmYjczMC1lY2FhLTExZTYtOGY4OC0zNDM2M2JjN2M0YzAiOnsiY3JlYXRlIjo1NDAwMDAwMDAwMDAwLCJkZWxldGUiOjU0MDAwMDAwMDAwMDAsInJlYWQiOjMwMDAwMDAwMDAwMCwidXBkYXRlIjo1NDAwMDAwMDAwMDAwfX0="
        }
      ]
    },
    {
      "mode": "managed",
      "type": "azurerm_subnet",
      "name": "sub-leonardo-fs",
      "provider": "provider[\"registry.terraform.io/hashicorp/azurerm\"]",
      "instances": [
        {
          "schema_version": 0,
          "attributes": {
            "address_prefix": "10.0.1.0/24",
            "address_prefixes": [
              "10.0.1.0/24"
            ],
            "delegation": [],
            "enforce_private_link_endpoint_network_policies": false,
            "enforce_private_link_service_network_policies": false,
            "id": "/subscriptions/4f7dac5c-20b0-44e7-8f43-6fd8d3b1a152/resourceGroups/rg-leonardo-fs/providers/Microsoft.Network/virtualNetworks/vn-leonardo-fs/subnets/sub-leonardo-fs",
            "name": "sub-leonardo-fs",
            "resource_group_name": "rg-leonardo-fs",
            "service_endpoint_policy_ids": [],
            "service_endpoints": [],
            "timeouts": null,
            "virtual_network_name": "vn-leonardo-fs"
          },
          "sensitive_attributes": [],
          "private": "eyJlMmJmYjczMC1lY2FhLTExZTYtOGY4OC0zNDM2M2JjN2M0YzAiOnsiY3JlYXRlIjoxODAwMDAwMDAwMDAwLCJkZWxldGUiOjE4MDAwMDAwMDAwMDAsInJlYWQiOjMwMDAwMDAwMDAwMCwidXBkYXRlIjoxODAwMDAwMDAwMDAwfX0=",
          "dependencies": [
            "azurerm_resource_group.rg-leonardo-fs",
            "azurerm_virtual_network.vn-leonardo-fs"
          ]
        }
      ]
    },
    {
      "mode": "managed",
      "type": "azurerm_virtual_machine",
      "name": "vm-leonardo-fs",
      "provider": "provider[\"registry.terraform.io/hashicorp/azurerm\"]",
      "instances": [
        {
          "schema_version": 0,
          "attributes": {
            "additional_capabilities": [],
            "availability_set_id": null,
            "boot_diagnostics": [],
            "delete_data_disks_on_termination": false,
            "delete_os_disk_on_termination": false,
            "id": "/subscriptions/4f7dac5c-20b0-44e7-8f43-6fd8d3b1a152/resourceGroups/rg-leonardo-fs/providers/Microsoft.Compute/virtualMachines/vm-leonardo-fs",
            "identity": [],
            "license_type": null,
            "location": "eastus",
            "name": "vm-leonardo-fs",
            "network_interface_ids": [
              "/subscriptions/4f7dac5c-20b0-44e7-8f43-6fd8d3b1a152/resourceGroups/rg-leonardo-fs/providers/Microsoft.Network/networkInterfaces/ni-leonardo-fs"
            ],
            "os_profile": [
              {
                "admin_password": "",
                "admin_username": "testadmin",
                "computer_name": "vm-leonardo-fs",
                "custom_data": ""
              }
            ],
            "os_profile_linux_config": [
              {
                "disable_password_authentication": false,
                "ssh_keys": []
              }
            ],
            "os_profile_secrets": [],
            "os_profile_windows_config": [],
            "plan": [],
            "primary_network_interface_id": null,
            "proximity_placement_group_id": null,
            "resource_group_name": "rg-leonardo-fs",
            "storage_data_disk": [],
            "storage_image_reference": [
              {
                "id": "",
                "offer": "UbuntuServer",
                "publisher": "Canonical",
                "sku": "16.04-LTS",
                "version": "latest"
              }
            ],
            "storage_os_disk": [
              {
                "caching": "ReadWrite",
                "create_option": "FromImage",
                "disk_size_gb": 30,
                "image_uri": "",
                "managed_disk_id": "/subscriptions/4f7dac5c-20b0-44e7-8f43-6fd8d3b1a152/resourceGroups/rg-leonardo-fs/providers/Microsoft.Compute/disks/dsk-leonardo-fs",
                "managed_disk_type": "Standard_LRS",
                "name": "dsk-leonardo-fs",
                "os_type": "Linux",
                "vhd_uri": "",
                "write_accelerator_enabled": false
              }
            ],
            "tags": {
              "environment": "VM Linux"
            },
            "timeouts": null,
            "vm_size": "Standard_DS1_v2",
            "zones": []
          },
          "sensitive_attributes": [],
          "private": "eyJlMmJmYjczMC1lY2FhLTExZTYtOGY4OC0zNDM2M2JjN2M0YzAiOnsiY3JlYXRlIjozNjAwMDAwMDAwMDAwLCJkZWxldGUiOjM2MDAwMDAwMDAwMDAsInJlYWQiOjMwMDAwMDAwMDAwMCwidXBkYXRlIjozNjAwMDAwMDAwMDAwfX0=",
          "dependencies": [
            "azurerm_resource_group.rg-leonardo-fs",
            "azurerm_subnet.sub-leonardo-fs",
            "azurerm_virtual_network.vn-leonardo-fs",
            "azurerm_network_interface.ni-leonardo-fs",
            "azurerm_public_ip.ip-leonardo-fs"
          ]
        }
      ]
    },
    {
      "mode": "managed",
      "type": "azurerm_virtual_network",
      "name": "vn-leonardo-fs",
      "provider": "provider[\"registry.terraform.io/hashicorp/azurerm\"]",
      "instances": [
        {
          "schema_version": 0,
          "attributes": {
            "address_space": [
              "10.0.0.0/16"
            ],
            "bgp_community": "",
            "ddos_protection_plan": [],
            "dns_servers": [],
            "guid": "452931de-f02b-43f2-b830-a6f43e8394c0",
            "id": "/subscriptions/4f7dac5c-20b0-44e7-8f43-6fd8d3b1a152/resourceGroups/rg-leonardo-fs/providers/Microsoft.Network/virtualNetworks/vn-leonardo-fs",
            "location": "eastus",
            "name": "vn-leonardo-fs",
            "resource_group_name": "rg-leonardo-fs",
            "subnet": [
              {
                "address_prefix": "10.0.1.0/24",
                "id": "/subscriptions/4f7dac5c-20b0-44e7-8f43-6fd8d3b1a152/resourceGroups/rg-leonardo-fs/providers/Microsoft.Network/virtualNetworks/vn-leonardo-fs/subnets/sub-leonardo-fs",
                "name": "sub-leonardo-fs",
                "security_group": ""
              }
            ],
            "tags": {
              "environment": "VM"
            },
            "timeouts": null,
            "vm_protection_enabled": false
          },
          "sensitive_attributes": [],
          "private": "eyJlMmJmYjczMC1lY2FhLTExZTYtOGY4OC0zNDM2M2JjN2M0YzAiOnsiY3JlYXRlIjoxODAwMDAwMDAwMDAwLCJkZWxldGUiOjE4MDAwMDAwMDAwMDAsInJlYWQiOjMwMDAwMDAwMDAwMCwidXBkYXRlIjoxODAwMDAwMDAwMDAwfX0=",
          "dependencies": [
            "azurerm_resource_group.rg-leonardo-fs"
          ]
        }
      ]
    },
    {
      "mode": "managed",
      "type": "null_resource",
      "name": "deploy_db",
      "provider": "provider[\"registry.terraform.io/hashicorp/null\"]",
      "instances": []
    },
    {
      "mode": "managed",
      "type": "null_resource",
      "name": "upload_db",
      "provider": "provider[\"registry.terraform.io/hashicorp/null\"]",
      "instances": [
        {
          "status": "tainted",
          "schema_version": 0,
          "attributes": {
            "id": "8697303182801032762",
            "triggers": null
          },
          "sensitive_attributes": [],
          "private": "bnVsbA==",
          "dependencies": [
            "data.azurerm_public_ip.data-ip-leonardo-fs",
            "time_sleep.esperar_30_segundos"
          ]
        }
      ]
    },
    {
      "mode": "managed",
      "type": "time_sleep",
      "name": "esperar_30_segundos",
      "provider": "provider[\"registry.terraform.io/hashicorp/time\"]",
      "instances": [
        {
          "schema_version": 0,
          "attributes": {
            "create_duration": "30s",
            "destroy_duration": null,
            "id": "2021-10-27T02:44:16Z",
            "triggers": null
          },
          "sensitive_attributes": [],
          "private": "bnVsbA==",
          "dependencies": [
            "azurerm_network_interface.ni-leonardo-fs",
            "azurerm_public_ip.ip-leonardo-fs",
            "azurerm_resource_group.rg-leonardo-fs",
            "azurerm_subnet.sub-leonardo-fs",
            "azurerm_virtual_machine.vm-leonardo-fs",
            "azurerm_virtual_network.vn-leonardo-fs"
          ]
        }
      ]
    }
  ]
}
